
Microsoft Visual Studio Solution File, Format Version 12.00
# Visual Studio Version 17
VisualStudioVersion = 17.13.35931.197
MinimumVisualStudioVersion = 10.0.40219.1
Project("{FAE04EC0-301F-11D3-BF4B-00C04F79EFBC}") = "TecnPoint.Interfaces", "TecnPoint.Interfaces\TecnPoint.Interfaces.csproj", "{D46F6179-22C2-422C-8766-E675964AD34C}"
EndProject
Project("{FAE04EC0-301F-11D3-BF4B-00C04F79EFBC}") = "TecnPoint.Modelos", "TecnPoint.Modelos\TecnPoint.Modelos.csproj", "{42D92595-F112-4A63-B0AF-3C610F96528C}"
EndProject
Project("{FAE04EC0-301F-11D3-BF4B-00C04F79EFBC}") = "TecnPoint.Services", "TecnPoint.Services\TecnPoint.Services.csproj", "{28EB846F-610B-4DE4-A19E-2BEBFA4603B8}"
EndProject
Project("{FAE04EC0-301F-11D3-BF4B-00C04F79EFBC}") = "TecnPoint.Exceptions", "TecnPoint.Exceptions\TecnPoint.Exceptions.csproj", "{538D9551-5FA1-4718-9409-528B25E8C6E6}"
EndProject
Global
	GlobalSection(SolutionConfigurationPlatforms) = preSolution
		Debug|Any CPU = Debug|Any CPU
		Release|Any CPU = Release|Any CPU
	EndGlobalSection
	GlobalSection(ProjectConfigurationPlatforms) = postSolution
		{D46F6179-22C2-422C-8766-E675964AD34C}.Debug|Any CPU.ActiveCfg = Debug|Any CPU
		{D46F6179-22C2-422C-8766-E675964AD34C}.Debug|Any CPU.Build.0 = Debug|Any CPU
		{D46F6179-22C2-422C-8766-E675964AD34C}.Release|Any CPU.ActiveCfg = Release|Any CPU
		{D46F6179-22C2-422C-8766-E675964AD34C}.Release|Any CPU.Build.0 = Release|Any CPU
		{42D92595-F112-4A63-B0AF-3C610F96528C}.Debug|Any CPU.ActiveCfg = Debug|Any CPU
		{42D92595-F112-4A63-B0AF-3C610F96528C}.Debug|Any CPU.Build.0 = Debug|Any CPU
		{42D92595-F112-4A63-B0AF-3C610F96528C}.Release|Any CPU.ActiveCfg = Release|Any CPU
		{42D92595-F112-4A63-B0AF-3C610F96528C}.Release|Any CPU.Build.0 = Release|Any CPU
		{28EB846F-610B-4DE4-A19E-2BEBFA4603B8}.Debug|Any CPU.ActiveCfg = Debug|Any CPU
		{28EB846F-610B-4DE4-A19E-2BEBFA4603B8}.Debug|Any CPU.Build.0 = Debug|Any CPU
		{28EB846F-610B-4DE4-A19E-2BEBFA4603B8}.Release|Any CPU.ActiveCfg = Release|Any CPU
		{28EB846F-610B-4DE4-A19E-2BEBFA4603B8}.Release|Any CPU.Build.0 = Release|Any CPU
		{538D9551-5FA1-4718-9409-528B25E8C6E6}.Debug|Any CPU.ActiveCfg = Debug|Any CPU
		{538D9551-5FA1-4718-9409-528B25E8C6E6}.Debug|Any CPU.Build.0 = Debug|Any CPU
		{538D9551-5FA1-4718-9409-528B25E8C6E6}.Release|Any CPU.ActiveCfg = Release|Any CPU
		{538D9551-5FA1-4718-9409-528B25E8C6E6}.Release|Any CPU.Build.0 = Release|Any CPU
	EndGlobalSection
	GlobalSection(SolutionProperties) = preSolution
		HideSolutionNode = FALSE
	EndGlobalSection
	GlobalSection(ExtensibilityGlobals) = postSolution
		SolutionGuid = {6E60DB17-210A-49EC-AD4A-641D775875DF}
	EndGlobalSection
EndGlobal
